
Microsoft Visual Studio Solution File, Format Version 12.00
# Visual Studio Version 17
VisualStudioVersion = 17.14.36414.22 d17.14
MinimumVisualStudioVersion = 10.0.40219.1
Project("{FAE04EC0-301F-11D3-BF4B-00C04F79EFBC}") = "HackRFDotnet", "HackRFDotnet\HackRFDotnet.csproj", "{3DDACD8E-572A-44C1-86D0-A63F1D01E4C9}"
EndProject
Project("{FAE04EC0-301F-11D3-BF4B-00C04F79EFBC}") = "BasicScanner", "BasicScanner\BasicScanner.csproj", "{C191E4E4-DEE7-4228-868A-9D76CA4ABEA9}"
EndProject
Project("{FAE04EC0-301F-11D3-BF4B-00C04F79EFBC}") = "HackRFDotnet.Benchmarks", "HackRFDotnet.Benchmarks\HackRFDotnet.Benchmarks.csproj", "{C17BDC8C-11C3-4EED-ADE7-88D81A08FA4F}"
EndProject
Project("{2150E333-8FDC-42A3-9474-1A3956D46DE8}") = "Solution Items", "Solution Items", "{A21BE3C5-045A-4F08-A86E-D9796667F0AF}"
	ProjectSection(SolutionItems) = preProject
		.editorconfig = .editorconfig
		.gitignore = .gitignore
	EndProjectSection
EndProject
Global
	GlobalSection(SolutionConfigurationPlatforms) = preSolution
		Debug|Any CPU = Debug|Any CPU
		Release|Any CPU = Release|Any CPU
	EndGlobalSection
	GlobalSection(ProjectConfigurationPlatforms) = postSolution
		{3DDACD8E-572A-44C1-86D0-A63F1D01E4C9}.Debug|Any CPU.ActiveCfg = Debug|Any CPU
		{3DDACD8E-572A-44C1-86D0-A63F1D01E4C9}.Debug|Any CPU.Build.0 = Debug|Any CPU
		{3DDACD8E-572A-44C1-86D0-A63F1D01E4C9}.Release|Any CPU.ActiveCfg = Release|Any CPU
		{3DDACD8E-572A-44C1-86D0-A63F1D01E4C9}.Release|Any CPU.Build.0 = Release|Any CPU
		{C191E4E4-DEE7-4228-868A-9D76CA4ABEA9}.Debug|Any CPU.ActiveCfg = Debug|Any CPU
		{C191E4E4-DEE7-4228-868A-9D76CA4ABEA9}.Debug|Any CPU.Build.0 = Debug|Any CPU
		{C191E4E4-DEE7-4228-868A-9D76CA4ABEA9}.Release|Any CPU.ActiveCfg = Release|Any CPU
		{C191E4E4-DEE7-4228-868A-9D76CA4ABEA9}.Release|Any CPU.Build.0 = Release|Any CPU
		{C17BDC8C-11C3-4EED-ADE7-88D81A08FA4F}.Debug|Any CPU.ActiveCfg = Debug|Any CPU
		{C17BDC8C-11C3-4EED-ADE7-88D81A08FA4F}.Debug|Any CPU.Build.0 = Debug|Any CPU
		{C17BDC8C-11C3-4EED-ADE7-88D81A08FA4F}.Release|Any CPU.ActiveCfg = Release|Any CPU
		{C17BDC8C-11C3-4EED-ADE7-88D81A08FA4F}.Release|Any CPU.Build.0 = Release|Any CPU
	EndGlobalSection
	GlobalSection(SolutionProperties) = preSolution
		HideSolutionNode = FALSE
	EndGlobalSection
	GlobalSection(ExtensibilityGlobals) = postSolution
		SolutionGuid = {F0059FF1-082F-45E6-BF47-0A1BBCBC7E3D}
	EndGlobalSection
EndGlobal
